
Microsoft Visual Studio Solution File, Format Version 12.00
# Visual Studio 15
VisualStudioVersion = 15.0.26124.0
MinimumVisualStudioVersion = 15.0.26124.0
Project("{2150E333-8FDC-42A3-9474-1A3956D46DE8}") = "src", "src", "{ED3C49E5-7DEE-4F6E-A6AB-A90F2A96CE7B}"
EndProject
Project("{FAE04EC0-301F-11D3-BF4B-00C04F79EFBC}") = "PBase", "src\PBase\PBase.csproj", "{368BC869-2E03-416A-857E-11C1A942A7BB}"
EndProject
Project("{FAE04EC0-301F-11D3-BF4B-00C04F79EFBC}") = "PBase.Test", "src\PBase.Test\PBase.Test.csproj", "{3124A408-1F27-4A28-BB7B-441010D6DDC5}"
EndProject
Global
	GlobalSection(SolutionConfigurationPlatforms) = preSolution
		Debug|Any CPU = Debug|Any CPU
		Debug|x64 = Debug|x64
		Debug|x86 = Debug|x86
		Release|Any CPU = Release|Any CPU
		Release|x64 = Release|x64
		Release|x86 = Release|x86
	EndGlobalSection
	GlobalSection(SolutionProperties) = preSolution
		HideSolutionNode = FALSE
	EndGlobalSection
	GlobalSection(ProjectConfigurationPlatforms) = postSolution
		{368BC869-2E03-416A-857E-11C1A942A7BB}.Debug|Any CPU.ActiveCfg = Debug|Any CPU
		{368BC869-2E03-416A-857E-11C1A942A7BB}.Debug|Any CPU.Build.0 = Debug|Any CPU
		{368BC869-2E03-416A-857E-11C1A942A7BB}.Debug|x64.ActiveCfg = Debug|Any CPU
		{368BC869-2E03-416A-857E-11C1A942A7BB}.Debug|x64.Build.0 = Debug|Any CPU
		{368BC869-2E03-416A-857E-11C1A942A7BB}.Debug|x86.ActiveCfg = Debug|Any CPU
		{368BC869-2E03-416A-857E-11C1A942A7BB}.Debug|x86.Build.0 = Debug|Any CPU
		{368BC869-2E03-416A-857E-11C1A942A7BB}.Release|Any CPU.ActiveCfg = Release|Any CPU
		{368BC869-2E03-416A-857E-11C1A942A7BB}.Release|Any CPU.Build.0 = Release|Any CPU
		{368BC869-2E03-416A-857E-11C1A942A7BB}.Release|x64.ActiveCfg = Release|Any CPU
		{368BC869-2E03-416A-857E-11C1A942A7BB}.Release|x64.Build.0 = Release|Any CPU
		{368BC869-2E03-416A-857E-11C1A942A7BB}.Release|x86.ActiveCfg = Release|Any CPU
		{368BC869-2E03-416A-857E-11C1A942A7BB}.Release|x86.Build.0 = Release|Any CPU
		{3124A408-1F27-4A28-BB7B-441010D6DDC5}.Debug|Any CPU.ActiveCfg = Debug|Any CPU
		{3124A408-1F27-4A28-BB7B-441010D6DDC5}.Debug|Any CPU.Build.0 = Debug|Any CPU
		{3124A408-1F27-4A28-BB7B-441010D6DDC5}.Debug|x64.ActiveCfg = Debug|Any CPU
		{3124A408-1F27-4A28-BB7B-441010D6DDC5}.Debug|x64.Build.0 = Debug|Any CPU
		{3124A408-1F27-4A28-BB7B-441010D6DDC5}.Debug|x86.ActiveCfg = Debug|Any CPU
		{3124A408-1F27-4A28-BB7B-441010D6DDC5}.Debug|x86.Build.0 = Debug|Any CPU
		{3124A408-1F27-4A28-BB7B-441010D6DDC5}.Release|Any CPU.ActiveCfg = Release|Any CPU
		{3124A408-1F27-4A28-BB7B-441010D6DDC5}.Release|Any CPU.Build.0 = Release|Any CPU
		{3124A408-1F27-4A28-BB7B-441010D6DDC5}.Release|x64.ActiveCfg = Release|Any CPU
		{3124A408-1F27-4A28-BB7B-441010D6DDC5}.Release|x64.Build.0 = Release|Any CPU
		{3124A408-1F27-4A28-BB7B-441010D6DDC5}.Release|x86.ActiveCfg = Release|Any CPU
		{3124A408-1F27-4A28-BB7B-441010D6DDC5}.Release|x86.Build.0 = Release|Any CPU
	EndGlobalSection
	GlobalSection(NestedProjects) = preSolution
		{368BC869-2E03-416A-857E-11C1A942A7BB} = {ED3C49E5-7DEE-4F6E-A6AB-A90F2A96CE7B}
		{3124A408-1F27-4A28-BB7B-441010D6DDC5} = {ED3C49E5-7DEE-4F6E-A6AB-A90F2A96CE7B}
	EndGlobalSection
EndGlobal
