
Microsoft Visual Studio Solution File, Format Version 12.00
# Visual Studio 15
VisualStudioVersion = 15.0.28010.2003
MinimumVisualStudioVersion = 10.0.40219.1
Project("{9A19103F-16F7-4668-BE54-9A1E7A4F7556}") = "PBase", "PBase\PBase.csproj", "{2619FBEA-14A9-4CDF-8E77-76B9CF942747}"
EndProject
Project("{2150E333-8FDC-42A3-9474-1A3956D46DE8}") = "Solution Items", "Solution Items", "{7423D71E-1584-434F-8771-0EE676321E59}"
	ProjectSection(SolutionItems) = preProject
		..\.gitignore = ..\.gitignore
		..\LICENSE.md = ..\LICENSE.md
		..\README.md = ..\README.md
	EndProjectSection
EndProject
Project("{FAE04EC0-301F-11D3-BF4B-00C04F79EFBC}") = "PBase.Test", "PBase.Test\PBase.Test.csproj", "{5CA2A50E-0401-4ED9-8527-417538EC736A}"
EndProject
Global
	GlobalSection(SolutionConfigurationPlatforms) = preSolution
		Debug|Any CPU = Debug|Any CPU
		Release|Any CPU = Release|Any CPU
	EndGlobalSection
	GlobalSection(ProjectConfigurationPlatforms) = postSolution
		{2619FBEA-14A9-4CDF-8E77-76B9CF942747}.Debug|Any CPU.ActiveCfg = Debug|Any CPU
		{2619FBEA-14A9-4CDF-8E77-76B9CF942747}.Debug|Any CPU.Build.0 = Debug|Any CPU
		{2619FBEA-14A9-4CDF-8E77-76B9CF942747}.Release|Any CPU.ActiveCfg = Release|Any CPU
		{2619FBEA-14A9-4CDF-8E77-76B9CF942747}.Release|Any CPU.Build.0 = Release|Any CPU
		{5CA2A50E-0401-4ED9-8527-417538EC736A}.Debug|Any CPU.ActiveCfg = Debug|Any CPU
		{5CA2A50E-0401-4ED9-8527-417538EC736A}.Debug|Any CPU.Build.0 = Debug|Any CPU
		{5CA2A50E-0401-4ED9-8527-417538EC736A}.Release|Any CPU.ActiveCfg = Release|Any CPU
		{5CA2A50E-0401-4ED9-8527-417538EC736A}.Release|Any CPU.Build.0 = Release|Any CPU
	EndGlobalSection
	GlobalSection(SolutionProperties) = preSolution
		HideSolutionNode = FALSE
	EndGlobalSection
	GlobalSection(ExtensibilityGlobals) = postSolution
		SolutionGuid = {899BEF02-E36B-4210-8E4A-BED408CA95D2}
	EndGlobalSection
EndGlobal
